
Microsoft Visual Studio Solution File, Format Version 12.00
# Visual Studio Version 17
VisualStudioVersion = 17.3.32922.545
MinimumVisualStudioVersion = 10.0.40219.1
Project("{FAE04EC0-301F-11D3-BF4B-00C04F79EFBC}") = "UserManage_RoleBased", "UserManage_RoleBased\UserManage_RoleBased.csproj", "{0A843E8B-D3CC-4DF9-87D0-23A79286BD9A}"
EndProject
Global
	GlobalSection(SolutionConfigurationPlatforms) = preSolution
		Debug|Any CPU = Debug|Any CPU
		Release|Any CPU = Release|Any CPU
	EndGlobalSection
	GlobalSection(ProjectConfigurationPlatforms) = postSolution
		{0A843E8B-D3CC-4DF9-87D0-23A79286BD9A}.Debug|Any CPU.ActiveCfg = Debug|Any CPU
		{0A843E8B-D3CC-4DF9-87D0-23A79286BD9A}.Debug|Any CPU.Build.0 = Debug|Any CPU
		{0A843E8B-D3CC-4DF9-87D0-23A79286BD9A}.Release|Any CPU.ActiveCfg = Release|Any CPU
		{0A843E8B-D3CC-4DF9-87D0-23A79286BD9A}.Release|Any CPU.Build.0 = Release|Any CPU
	EndGlobalSection
	GlobalSection(SolutionProperties) = preSolution
		HideSolutionNode = FALSE
	EndGlobalSection
	GlobalSection(ExtensibilityGlobals) = postSolution
		SolutionGuid = {68FD179D-155D-4B6E-949C-3E9EF5797602}
	EndGlobalSection
EndGlobal
